
Microsoft Visual Studio Solution File, Format Version 12.00
# Visual Studio Express 2012 for Windows Desktop
Project("{FAE04EC0-301F-11D3-BF4B-00C04F79EFBC}") = "ZHAW.SoftwareProjekt.Fractals.UI", "ZHAW.SoftwareProjekt.Fractals.UI\ZHAW.SoftwareProjekt.Fractals.UI.csproj", "{993A22D9-B9BC-4F66-8B91-78B864EA315C}"
EndProject
Project("{FAE04EC0-301F-11D3-BF4B-00C04F79EFBC}") = "ZHAW.SoftwareProjekt.Fractals.Calculation", "ZHAW.SoftwareProjekt.Fractals.Calculation\ZHAW.SoftwareProjekt.Fractals.Calculation.csproj", "{AE91CE73-91B7-48B5-8F2B-BF1C60C1FDF0}"
EndProject
Project("{FAE04EC0-301F-11D3-BF4B-00C04F79EFBC}") = "ZHAW.SoftwareProjekt.Fractals.DataStructures", "ZHAW.SoftwareProjekt.Fractals.DataStructures\ZHAW.SoftwareProjekt.Fractals.DataStructures.csproj", "{10A04B5B-53BF-4D2C-9D29-5F51AEBCEA18}"
EndProject
Project("{FAE04EC0-301F-11D3-BF4B-00C04F79EFBC}") = "ZHAW.SoftwareProjekt.Fractals.Calculation.Tests", "ZHAW.SoftwareProjekt.Fractals.Calculation.Tests\ZHAW.SoftwareProjekt.Fractals.Calculation.Tests.csproj", "{2C05B7AD-50B1-4143-AAFD-6123D76FE4DD}"
EndProject
Project("{FAE04EC0-301F-11D3-BF4B-00C04F79EFBC}") = "ZHAW.SoftwareProjekt.Fractals.Common", "ZHAW.SoftwareProjekt.Fractals.Common\ZHAW.SoftwareProjekt.Fractals.Common.csproj", "{13731C6F-2EB9-4213-9FF3-A3576BB3D9A6}"
EndProject
Project("{FAE04EC0-301F-11D3-BF4B-00C04F79EFBC}") = "ZHAW.SoftwareProjekt.Fractals.DataStructures.Tests", "UnitTestProject1\ZHAW.SoftwareProjekt.Fractals.DataStructures.Tests.csproj", "{618703CE-BB96-4534-8697-4091B33D6DBF}"
EndProject
Global
	GlobalSection(SolutionConfigurationPlatforms) = preSolution
		Debug|Any CPU = Debug|Any CPU
		Release|Any CPU = Release|Any CPU
	EndGlobalSection
	GlobalSection(ProjectConfigurationPlatforms) = postSolution
		{993A22D9-B9BC-4F66-8B91-78B864EA315C}.Debug|Any CPU.ActiveCfg = Debug|Any CPU
		{993A22D9-B9BC-4F66-8B91-78B864EA315C}.Debug|Any CPU.Build.0 = Debug|Any CPU
		{993A22D9-B9BC-4F66-8B91-78B864EA315C}.Release|Any CPU.ActiveCfg = Release|Any CPU
		{993A22D9-B9BC-4F66-8B91-78B864EA315C}.Release|Any CPU.Build.0 = Release|Any CPU
		{AE91CE73-91B7-48B5-8F2B-BF1C60C1FDF0}.Debug|Any CPU.ActiveCfg = Debug|Any CPU
		{AE91CE73-91B7-48B5-8F2B-BF1C60C1FDF0}.Debug|Any CPU.Build.0 = Debug|Any CPU
		{AE91CE73-91B7-48B5-8F2B-BF1C60C1FDF0}.Release|Any CPU.ActiveCfg = Release|Any CPU
		{AE91CE73-91B7-48B5-8F2B-BF1C60C1FDF0}.Release|Any CPU.Build.0 = Release|Any CPU
		{10A04B5B-53BF-4D2C-9D29-5F51AEBCEA18}.Debug|Any CPU.ActiveCfg = Debug|Any CPU
		{10A04B5B-53BF-4D2C-9D29-5F51AEBCEA18}.Debug|Any CPU.Build.0 = Debug|Any CPU
		{10A04B5B-53BF-4D2C-9D29-5F51AEBCEA18}.Release|Any CPU.ActiveCfg = Release|Any CPU
		{10A04B5B-53BF-4D2C-9D29-5F51AEBCEA18}.Release|Any CPU.Build.0 = Release|Any CPU
		{2C05B7AD-50B1-4143-AAFD-6123D76FE4DD}.Debug|Any CPU.ActiveCfg = Debug|Any CPU
		{2C05B7AD-50B1-4143-AAFD-6123D76FE4DD}.Debug|Any CPU.Build.0 = Debug|Any CPU
		{2C05B7AD-50B1-4143-AAFD-6123D76FE4DD}.Release|Any CPU.ActiveCfg = Release|Any CPU
		{2C05B7AD-50B1-4143-AAFD-6123D76FE4DD}.Release|Any CPU.Build.0 = Release|Any CPU
		{13731C6F-2EB9-4213-9FF3-A3576BB3D9A6}.Debug|Any CPU.ActiveCfg = Debug|Any CPU
		{13731C6F-2EB9-4213-9FF3-A3576BB3D9A6}.Debug|Any CPU.Build.0 = Debug|Any CPU
		{13731C6F-2EB9-4213-9FF3-A3576BB3D9A6}.Release|Any CPU.ActiveCfg = Release|Any CPU
		{13731C6F-2EB9-4213-9FF3-A3576BB3D9A6}.Release|Any CPU.Build.0 = Release|Any CPU
		{618703CE-BB96-4534-8697-4091B33D6DBF}.Debug|Any CPU.ActiveCfg = Debug|Any CPU
		{618703CE-BB96-4534-8697-4091B33D6DBF}.Debug|Any CPU.Build.0 = Debug|Any CPU
		{618703CE-BB96-4534-8697-4091B33D6DBF}.Release|Any CPU.ActiveCfg = Release|Any CPU
		{618703CE-BB96-4534-8697-4091B33D6DBF}.Release|Any CPU.Build.0 = Release|Any CPU
	EndGlobalSection
	GlobalSection(SolutionProperties) = preSolution
		HideSolutionNode = FALSE
	EndGlobalSection
EndGlobal
